
Microsoft Visual Studio Solution File, Format Version 12.00
# Visual Studio 15
VisualStudioVersion = 15.0.27703.2035
MinimumVisualStudioVersion = 10.0.40219.1
Project("{FAE04EC0-301F-11D3-BF4B-00C04F79EFBC}") = "CST-117 - Exercise 4", "CST-117 - Exercise 4\CST-117 - Exercise 4.csproj", "{AA6B9181-75B7-4F15-8993-9C4D79A7E30A}"
EndProject
Global
	GlobalSection(SolutionConfigurationPlatforms) = preSolution
		Debug|Any CPU = Debug|Any CPU
		Release|Any CPU = Release|Any CPU
	EndGlobalSection
	GlobalSection(ProjectConfigurationPlatforms) = postSolution
		{AA6B9181-75B7-4F15-8993-9C4D79A7E30A}.Debug|Any CPU.ActiveCfg = Debug|Any CPU
		{AA6B9181-75B7-4F15-8993-9C4D79A7E30A}.Debug|Any CPU.Build.0 = Debug|Any CPU
		{AA6B9181-75B7-4F15-8993-9C4D79A7E30A}.Release|Any CPU.ActiveCfg = Release|Any CPU
		{AA6B9181-75B7-4F15-8993-9C4D79A7E30A}.Release|Any CPU.Build.0 = Release|Any CPU
	EndGlobalSection
	GlobalSection(SolutionProperties) = preSolution
		HideSolutionNode = FALSE
	EndGlobalSection
	GlobalSection(ExtensibilityGlobals) = postSolution
		SolutionGuid = {3E0196A4-535B-437F-860B-33194F6FD6D9}
	EndGlobalSection
EndGlobal
